
Microsoft Visual Studio Solution File, Format Version 12.00
# Visual Studio Version 17
VisualStudioVersion = 17.5.33627.172
MinimumVisualStudioVersion = 10.0.40219.1
Project("{2150E333-8FDC-42A3-9474-1A3956D46DE8}") = ".nuget", ".nuget", "{24178942-80A8-44E7-9C3F-1108D04D7B7E}"
	ProjectSection(SolutionItems) = preProject
		.nuget\NuGet.Config = .nuget\NuGet.Config
		.nuget\NuGet.exe = .nuget\NuGet.exe
		.nuget\NuGet.targets = .nuget\NuGet.targets
	EndProjectSection
EndProject
Project("{2150E333-8FDC-42A3-9474-1A3956D46DE8}") = "Solution Items", "Solution Items", "{9A8E3419-4264-42D6-B7FB-5D55E7CA3D5E}"
	ProjectSection(SolutionItems) = preProject
		.editorconfig = .editorconfig
		.gitattributes = .gitattributes
		.gitignore = .gitignore
		LICENSE.txt = LICENSE.txt
		CodeAnalysis\NipoSoftware.DefaultProjectRules.targets = CodeAnalysis\NipoSoftware.DefaultProjectRules.targets
		README.md = README.md
		CodeAnalysis\Standard rules for NIPO Software.ruleset = CodeAnalysis\Standard rules for NIPO Software.ruleset
		version.txt = version.txt
	EndProjectSection
EndProject
Project("{9A19103F-16F7-4668-BE54-9A1E7A4F7556}") = "Nfield.SDK", "Library\Nfield.SDK.csproj", "{A070B956-9A20-4A91-9717-F1DFDB5E4295}"
EndProject
Project("{9A19103F-16F7-4668-BE54-9A1E7A4F7556}") = "Nfield.SDK.Tests", "Tests\Nfield.SDK.Tests.csproj", "{F9E32CCC-E12F-4E7B-AF7D-5A8773963B9E}"
EndProject
Project("{2150E333-8FDC-42A3-9474-1A3956D46DE8}") = "Samples", "Samples", "{08232289-BE46-4FDE-8F44-F23C943030D1}"
EndProject
Project("{9A19103F-16F7-4668-BE54-9A1E7A4F7556}") = "ConsoleApplication", "Examples\ConsoleApplication\ConsoleApplication.csproj", "{332D81C4-158F-48BB-93F3-332FB84128C9}"
EndProject
Project("{9A19103F-16F7-4668-BE54-9A1E7A4F7556}") = "WindowsFormsApplication", "Examples\WindowsFormsApplication\WindowsFormsApplication.csproj", "{58FF8CDE-380B-420C-85AF-FD9C27120AE4}"
EndProject
Project("{2150E333-8FDC-42A3-9474-1A3956D46DE8}") = "Pipelines", "Pipelines", "{3FFAD736-051B-4719-8101-B05FB2FC5044}"
	ProjectSection(SolutionItems) = preProject
		Pipelines\build.yml = Pipelines\build.yml
		Pipelines\deploy-nuget.yml = Pipelines\deploy-nuget.yml
	EndProjectSection
EndProject
Global
	GlobalSection(SolutionConfigurationPlatforms) = preSolution
		Debug|Any CPU = Debug|Any CPU
		Release|Any CPU = Release|Any CPU
	EndGlobalSection
	GlobalSection(ProjectConfigurationPlatforms) = postSolution
		{A070B956-9A20-4A91-9717-F1DFDB5E4295}.Debug|Any CPU.ActiveCfg = Debug|Any CPU
		{A070B956-9A20-4A91-9717-F1DFDB5E4295}.Debug|Any CPU.Build.0 = Debug|Any CPU
		{A070B956-9A20-4A91-9717-F1DFDB5E4295}.Release|Any CPU.ActiveCfg = Release|Any CPU
		{A070B956-9A20-4A91-9717-F1DFDB5E4295}.Release|Any CPU.Build.0 = Release|Any CPU
		{F9E32CCC-E12F-4E7B-AF7D-5A8773963B9E}.Debug|Any CPU.ActiveCfg = Debug|Any CPU
		{F9E32CCC-E12F-4E7B-AF7D-5A8773963B9E}.Debug|Any CPU.Build.0 = Debug|Any CPU
		{F9E32CCC-E12F-4E7B-AF7D-5A8773963B9E}.Release|Any CPU.ActiveCfg = Release|Any CPU
		{F9E32CCC-E12F-4E7B-AF7D-5A8773963B9E}.Release|Any CPU.Build.0 = Release|Any CPU
		{332D81C4-158F-48BB-93F3-332FB84128C9}.Debug|Any CPU.ActiveCfg = Debug|Any CPU
		{332D81C4-158F-48BB-93F3-332FB84128C9}.Debug|Any CPU.Build.0 = Debug|Any CPU
		{332D81C4-158F-48BB-93F3-332FB84128C9}.Release|Any CPU.ActiveCfg = Release|Any CPU
		{332D81C4-158F-48BB-93F3-332FB84128C9}.Release|Any CPU.Build.0 = Release|Any CPU
		{58FF8CDE-380B-420C-85AF-FD9C27120AE4}.Debug|Any CPU.ActiveCfg = Debug|Any CPU
		{58FF8CDE-380B-420C-85AF-FD9C27120AE4}.Debug|Any CPU.Build.0 = Debug|Any CPU
		{58FF8CDE-380B-420C-85AF-FD9C27120AE4}.Release|Any CPU.ActiveCfg = Release|Any CPU
		{58FF8CDE-380B-420C-85AF-FD9C27120AE4}.Release|Any CPU.Build.0 = Release|Any CPU
	EndGlobalSection
	GlobalSection(SolutionProperties) = preSolution
		HideSolutionNode = FALSE
	EndGlobalSection
	GlobalSection(NestedProjects) = preSolution
		{332D81C4-158F-48BB-93F3-332FB84128C9} = {08232289-BE46-4FDE-8F44-F23C943030D1}
		{58FF8CDE-380B-420C-85AF-FD9C27120AE4} = {08232289-BE46-4FDE-8F44-F23C943030D1}
		{3FFAD736-051B-4719-8101-B05FB2FC5044} = {9A8E3419-4264-42D6-B7FB-5D55E7CA3D5E}
	EndGlobalSection
	GlobalSection(ExtensibilityGlobals) = postSolution
		SolutionGuid = {701F23E0-60A2-497A-9EF8-98AF8F426892}
	EndGlobalSection
EndGlobal
