{
  "version": 1,
  "dependencies": {
    ".NETFramework,Version=v4.6.2": {
      "FluentValidation": {
        "type": "Transitive",
        "resolved": "8.1.0",
        "contentHash": "Wuz15bwxrdsi8R+JCw/B/Phapiy4O/A7jxNFU61176pLR026CuYk8u4ty06y8wki273lh9oABbDIvQ/MH21MWQ==",
        "dependencies": {
          "System.Collections.Concurrent": "4.3.0",
          "System.ComponentModel.Annotations": "4.4.1",
          "System.ComponentModel.Primitives": "4.3.0",
          "System.ValueTuple": "4.5.0"
        }
      },
      "Microsoft.AspNet.WebApi.Client": {
        "type": "Transitive",
        "resolved": "5.2.7",
        "contentHash": "S8hfceUny5C0+yf3B1q6Ey3fysbH4cowYacnI7t1LIX53pFUplNLwxZgmNK2GkNw/hE68Q3Ay+3NiS0eVyR3Sg==",
        "dependencies": {
          "Newtonsoft.Json": "6.0.4"
        }
      },
      "Newtonsoft.Json": {
        "type": "Transitive",
        "resolved": "12.0.1",
        "contentHash": "jmVyoEyk0In8r+AObYQyFKVFm7uSRzE0XSHSbEtBJcZDMV6DqJoyB4FLcHwprPVhAh826so0db3DIKXVnpGoPA=="
      },
      "Nfield.Quota": {
        "type": "Transitive",
        "resolved": "3.0.62409-beta",
        "contentHash": "C1bypQBQeawAx5TRAqRfKy75ISOBY7GeymruZFD1z8MyrUs2qe7JyHBFWtSvXPFHWMQyNjqRlk4+7OvhLzHkNQ==",
        "dependencies": {
          "FluentValidation": "8.1.0",
          "Newtonsoft.Json": "12.0.1"
        }
      },
      "System.Collections.Concurrent": {
        "type": "Transitive",
        "resolved": "4.3.0",
        "contentHash": "ztl69Xp0Y/UXCL+3v3tEU+lIy+bvjKNUmopn1wep/a291pVPK7dxBd6T7WnlQqRog+d1a/hSsgRsmFnIBKTPLQ=="
      },
      "System.ComponentModel.Annotations": {
        "type": "Transitive",
        "resolved": "4.4.1",
        "contentHash": "/8XSRz3cgSSPEdiV6UFhlfk6/FX9P10MAja4XPCyMCz7/0YTqjtCh4e0jjLYOCJL8jK7O/vhtUjYo1TOSuPngQ=="
      },
      "System.ComponentModel.Primitives": {
        "type": "Transitive",
        "resolved": "4.3.0",
        "contentHash": "j8GUkCpM8V4d4vhLIIoBLGey2Z5bCkMVNjEZseyAlm4n5arcsJOeI3zkUP+zvZgzsbLTYh4lYeP/ZD/gdIAPrw=="
      },
      "System.Net.Http": {
        "type": "Transitive",
        "resolved": "4.3.4",
        "contentHash": "Fj7e73NNHwof97gFPTJuq8gv6G895yxkZt14DVnZdEh4gvKl8WrksCwNjIp/JeYX/yu/qxM/iOv9ai+ZY3Fp7Q==",
        "dependencies": {
          "System.Security.Cryptography.X509Certificates": "4.3.0"
        }
      },
      "System.Security.Cryptography.Algorithms": {
        "type": "Transitive",
        "resolved": "4.3.0",
        "contentHash": "W1kd2Y8mYSCgc3ULTAZ0hOP2dSdG5YauTb1089T0/kRcN2MpSAW1izOFROrJgxSlMn3ArsgHXagigyi+ibhevg==",
        "dependencies": {
          "System.Security.Cryptography.Primitives": "4.3.0"
        }
      },
      "System.Security.Cryptography.Encoding": {
        "type": "Transitive",
        "resolved": "4.3.0",
        "contentHash": "1DEWjZZly9ae9C79vFwqaO5kaOlI5q+3/55ohmq/7dpDyDfc8lYe7YVxJUZ5MF/NtbkRjwFRo14yM4OEo9EmDw=="
      },
      "System.Security.Cryptography.Primitives": {
        "type": "Transitive",
        "resolved": "4.3.0",
        "contentHash": "7bDIyVFNL/xKeFHjhobUAQqSpJq9YTOpbEs6mR233Et01STBMXNAc/V+BM6dwYGc95gVh/Zf+iVXWzj3mE8DWg=="
      },
      "System.Security.Cryptography.X509Certificates": {
        "type": "Transitive",
        "resolved": "4.3.0",
        "contentHash": "t2Tmu6Y2NtJ2um0RtcuhP7ZdNNxXEgUm2JeoA/0NvlMjAhKCnM1NX07TDl3244mVp3QU6LPEhT3HTtH1uF7IYw==",
        "dependencies": {
          "System.Security.Cryptography.Algorithms": "4.3.0",
          "System.Security.Cryptography.Encoding": "4.3.0"
        }
      },
      "System.ValueTuple": {
        "type": "Transitive",
        "resolved": "4.5.0",
        "contentHash": "+gDrtQRdEsUSdPZEEcVRmBvs6xJmqGBqRzEGMQm5XqHxWTkZe/PSuomdth5ZPcOb/Oh2kIu6NChoI1JQk649jg=="
      },
      "Nfield.SDK": {
        "type": "Project",
        "dependencies": {
          "Microsoft.AspNet.WebApi.Client": "5.2.7",
          "Newtonsoft.Json": "12.0.1",
          "Nfield.Quota": "3.0.62409-beta",
          "System.Net.Http": "4.3.4"
        }
      }
    }
  }
}